
Microsoft Visual Studio Solution File, Format Version 12.00
# Visual Studio 15
VisualStudioVersion = 15.0.28307.421
MinimumVisualStudioVersion = 10.0.40219.1
Project("{FAE04EC0-301F-11D3-BF4B-00C04F79EFBC}") = "CacheTable", "CacheTable\CacheTable.csproj", "{0D4B1085-6D69-4A1A-BCAA-584F46C44443}"
EndProject
Project("{FAE04EC0-301F-11D3-BF4B-00C04F79EFBC}") = "UnitTests", "UnitTests\UnitTests.csproj", "{ECAB82E8-313B-42D0-90CB-8277C9519D33}"
EndProject
Global
	GlobalSection(SolutionConfigurationPlatforms) = preSolution
		Debug|Any CPU = Debug|Any CPU
		Release|Any CPU = Release|Any CPU
	EndGlobalSection
	GlobalSection(ProjectConfigurationPlatforms) = postSolution
		{0D4B1085-6D69-4A1A-BCAA-584F46C44443}.Debug|Any CPU.ActiveCfg = Debug|Any CPU
		{0D4B1085-6D69-4A1A-BCAA-584F46C44443}.Debug|Any CPU.Build.0 = Debug|Any CPU
		{0D4B1085-6D69-4A1A-BCAA-584F46C44443}.Release|Any CPU.ActiveCfg = Release|Any CPU
		{0D4B1085-6D69-4A1A-BCAA-584F46C44443}.Release|Any CPU.Build.0 = Release|Any CPU
		{ECAB82E8-313B-42D0-90CB-8277C9519D33}.Debug|Any CPU.ActiveCfg = Debug|Any CPU
		{ECAB82E8-313B-42D0-90CB-8277C9519D33}.Debug|Any CPU.Build.0 = Debug|Any CPU
		{ECAB82E8-313B-42D0-90CB-8277C9519D33}.Release|Any CPU.ActiveCfg = Release|Any CPU
		{ECAB82E8-313B-42D0-90CB-8277C9519D33}.Release|Any CPU.Build.0 = Release|Any CPU
	EndGlobalSection
	GlobalSection(SolutionProperties) = preSolution
		HideSolutionNode = FALSE
	EndGlobalSection
	GlobalSection(ExtensibilityGlobals) = postSolution
		SolutionGuid = {4727D625-1D01-4F45-9A59-F151BC824A03}
	EndGlobalSection
EndGlobal
